
Microsoft Visual Studio Solution File, Format Version 12.00
# Visual Studio 15
VisualStudioVersion = 15.0.28307.1231
MinimumVisualStudioVersion = 10.0.40219.1
Project("{FAE04EC0-301F-11D3-BF4B-00C04F79EFBC}") = "Utilitarios", "Utilitarios\Utilitarios.csproj", "{53BAB3C5-2DB5-4AF9-B14B-396F5BB280B4}"
EndProject
Project("{FAE04EC0-301F-11D3-BF4B-00C04F79EFBC}") = "Data", "Data\Data.csproj", "{F8C2C8F0-F159-4309-B4E9-2C7145405DD6}"
EndProject
Project("{FAE04EC0-301F-11D3-BF4B-00C04F79EFBC}") = "Logica", "Logica\Logica.csproj", "{E5237969-390C-43EB-A6E4-E32DEBE9F6AE}"
EndProject
Project("{FAE04EC0-301F-11D3-BF4B-00C04F79EFBC}") = "ApiServicios", "ApiServicios\ApiServicios.csproj", "{094591DD-ED73-4B14-9D48-9438FDEE0CD9}"
EndProject
Global
	GlobalSection(SolutionConfigurationPlatforms) = preSolution
		Debug|Any CPU = Debug|Any CPU
		Release|Any CPU = Release|Any CPU
	EndGlobalSection
	GlobalSection(ProjectConfigurationPlatforms) = postSolution
		{53BAB3C5-2DB5-4AF9-B14B-396F5BB280B4}.Debug|Any CPU.ActiveCfg = Debug|Any CPU
		{53BAB3C5-2DB5-4AF9-B14B-396F5BB280B4}.Debug|Any CPU.Build.0 = Debug|Any CPU
		{53BAB3C5-2DB5-4AF9-B14B-396F5BB280B4}.Release|Any CPU.ActiveCfg = Release|Any CPU
		{53BAB3C5-2DB5-4AF9-B14B-396F5BB280B4}.Release|Any CPU.Build.0 = Release|Any CPU
		{F8C2C8F0-F159-4309-B4E9-2C7145405DD6}.Debug|Any CPU.ActiveCfg = Debug|Any CPU
		{F8C2C8F0-F159-4309-B4E9-2C7145405DD6}.Debug|Any CPU.Build.0 = Debug|Any CPU
		{F8C2C8F0-F159-4309-B4E9-2C7145405DD6}.Release|Any CPU.ActiveCfg = Release|Any CPU
		{F8C2C8F0-F159-4309-B4E9-2C7145405DD6}.Release|Any CPU.Build.0 = Release|Any CPU
		{E5237969-390C-43EB-A6E4-E32DEBE9F6AE}.Debug|Any CPU.ActiveCfg = Debug|Any CPU
		{E5237969-390C-43EB-A6E4-E32DEBE9F6AE}.Debug|Any CPU.Build.0 = Debug|Any CPU
		{E5237969-390C-43EB-A6E4-E32DEBE9F6AE}.Release|Any CPU.ActiveCfg = Release|Any CPU
		{E5237969-390C-43EB-A6E4-E32DEBE9F6AE}.Release|Any CPU.Build.0 = Release|Any CPU
		{094591DD-ED73-4B14-9D48-9438FDEE0CD9}.Debug|Any CPU.ActiveCfg = Debug|Any CPU
		{094591DD-ED73-4B14-9D48-9438FDEE0CD9}.Debug|Any CPU.Build.0 = Debug|Any CPU
		{094591DD-ED73-4B14-9D48-9438FDEE0CD9}.Release|Any CPU.ActiveCfg = Release|Any CPU
		{094591DD-ED73-4B14-9D48-9438FDEE0CD9}.Release|Any CPU.Build.0 = Release|Any CPU
	EndGlobalSection
	GlobalSection(SolutionProperties) = preSolution
		HideSolutionNode = FALSE
	EndGlobalSection
	GlobalSection(ExtensibilityGlobals) = postSolution
		SolutionGuid = {3DCCFFF1-0918-4939-B087-181F620F7D85}
	EndGlobalSection
EndGlobal
